# THIS IS AN AUTOGENERATED FILE. DO NOT EDIT THIS FILE DIRECTLY.
# yarn lockfile v1


yt-getvideos@^1.1.0:
  version "1.1.0"
  resolved "https://registry.yarnpkg.com/yt-getvideos/-/yt-getvideos-1.1.0.tgz#27f1fcc27e48f831d288fbdd8e5ffa6f86735e08"
  integrity sha512-6FWq+G0as4qZgUD52ESvOwpOysjcG3WZ44CYa/HUgDcPpVVEGpzhYDEZW+qKZgapRftZyC+0dIhTnwOKniFLww==
